// !$*UTF8*$!
{
	archiveVersion = 1;
	classes = {
	};
	objectVersion = 56;
	objects = {

/* Begin PBXBuildFile section */
		2F713DFA29DB018E00FF3B8B /* CircleImage.swift in Sources */ = {isa = PBXBuildFile; fileRef = 2F713DF929DB018E00FF3B8B /* CircleImage.swift */; };
		2F713DFC29DB034400FF3B8B /* MapView.swift in Sources */ = {isa = PBXBuildFile; fileRef = 2F713DFB29DB034400FF3B8B /* MapView.swift */; };
		2F713E0029DC604E00FF3B8B /* landmarkData.json in Resources */ = {isa = PBXBuildFile; fileRef = 2F713DFF29DC604E00FF3B8B /* landmarkData.json */; };
		2F713E0229DC606600FF3B8B /* Landmark.swift in Sources */ = {isa = PBXBuildFile; fileRef = 2F713E0129DC606600FF3B8B /* Landmark.swift */; };
		2F713E0429DC620900FF3B8B /* ModelData.swift in Sources */ = {isa = PBXBuildFile; fileRef = 2F713E0329DC620900FF3B8B /* ModelData.swift */; };
		2FE305BA29D328F70006803C /* LandmarksApp.swift in Sources */ = {isa = PBXBuildFile; fileRef = 2FE305B929D328F70006803C /* LandmarksApp.swift */; };
		2FE305BC29D328F70006803C /* ContentView.swift in Sources */ = {isa = PBXBuildFile; fileRef = 2FE305BB29D328F70006803C /* ContentView.swift */; };
		2FE305BE29D328FB0006803C /* Assets.xcassets in Resources */ = {isa = PBXBuildFile; fileRef = 2FE305BD29D328FB0006803C /* Assets.xcassets */; };
		2FE305C129D328FB0006803C /* Preview Assets.xcassets in Resources */ = {isa = PBXBuildFile; fileRef = 2FE305C029D328FB0006803C /* Preview Assets.xcassets */; };
		767314EE2AB842650040212B /* ContentView.swift in Sources */ = {isa = PBXBuildFile; fileRef = 767314ED2AB842650040212B /* ContentView.swift */; };
		767314F02AB842690040212B /* Assets.xcassets in Resources */ = {isa = PBXBuildFile; fileRef = 767314EF2AB842690040212B /* Assets.xcassets */; };
		767314F32AB842690040212B /* Preview Assets.xcassets in Resources */ = {isa = PBXBuildFile; fileRef = 767314F22AB842690040212B /* Preview Assets.xcassets */; };
		767314F62AB842690040212B /* WatchLandmarks Watch App.app in Embed Watch Content */ = {isa = PBXBuildFile; fileRef = 767314E92AB842650040212B /* WatchLandmarks Watch App.app */; settings = {ATTRIBUTES = (RemoveHeadersOnCopy, ); }; };
		7686A7722A61104600315071 /* LandmarkRow.swift in Sources */ = {isa = PBXBuildFile; fileRef = 7686A7712A61104600315071 /* LandmarkRow.swift */; };
		7686A7742A61141B00315071 /* LandmarkList.swift in Sources */ = {isa = PBXBuildFile; fileRef = 7686A7732A61141B00315071 /* LandmarkList.swift */; };
		7686A7762A6115F900315071 /* LandmarkDetail.swift in Sources */ = {isa = PBXBuildFile; fileRef = 7686A7752A6115F900315071 /* LandmarkDetail.swift */; };
		7686A7782A61713C00315071 /* FavoriteButton.swift in Sources */ = {isa = PBXBuildFile; fileRef = 7686A7772A61713C00315071 /* FavoriteButton.swift */; };
		76A2BCEE2AB8461F00149AAD /* Assets.xcassets in Resources */ = {isa = PBXBuildFile; fileRef = 2FE305BD29D328FB0006803C /* Assets.xcassets */; };
		76A2BCEF2AB8461F00149AAD /* Landmark.swift in Sources */ = {isa = PBXBuildFile; fileRef = 2F713E0129DC606600FF3B8B /* Landmark.swift */; };
		76A2BCF02AB8461F00149AAD /* LandmarkRow.swift in Sources */ = {isa = PBXBuildFile; fileRef = 7686A7712A61104600315071 /* LandmarkRow.swift */; };
		76A2BCF12AB8461F00149AAD /* ModelData.swift in Sources */ = {isa = PBXBuildFile; fileRef = 2F713E0329DC620900FF3B8B /* ModelData.swift */; };
		76A2BCF22AB8461F00149AAD /* LandmarksApp.swift in Sources */ = {isa = PBXBuildFile; fileRef = 2FE305B929D328F70006803C /* LandmarksApp.swift */; };
		76A2BCF32AB8461F00149AAD /* MapView.swift in Sources */ = {isa = PBXBuildFile; fileRef = 2F713DFB29DB034400FF3B8B /* MapView.swift */; };
		76A2BCF42AB8461F00149AAD /* hikeData.json in Resources */ = {isa = PBXBuildFile; fileRef = 76F70D452AB59FA500DF5ABA /* hikeData.json */; };
		76A2BCF52AB8461F00149AAD /* Profile.swift in Sources */ = {isa = PBXBuildFile; fileRef = 76F70D592AB5C3F800DF5ABA /* Profile.swift */; };
		76A2BCF62AB8461F00149AAD /* CircleImage.swift in Sources */ = {isa = PBXBuildFile; fileRef = 2F713DF929DB018E00FF3B8B /* CircleImage.swift */; };
		76A2BCF72AB8461F00149AAD /* landmarkData.json in Resources */ = {isa = PBXBuildFile; fileRef = 2F713DFF29DC604E00FF3B8B /* landmarkData.json */; };
		76A2BCF82AB8461F00149AAD /* Hike.swift in Sources */ = {isa = PBXBuildFile; fileRef = 76F70D472AB59FD000DF5ABA /* Hike.swift */; };
		76A2BCF92AB8461F00149AAD /* LandmarkList.swift in Sources */ = {isa = PBXBuildFile; fileRef = 7686A7732A61141B00315071 /* LandmarkList.swift */; };
		76A2BCFB2AB846BF00149AAD /* LandmarkDetail.swift in Sources */ = {isa = PBXBuildFile; fileRef = 76A2BCFA2AB846BF00149AAD /* LandmarkDetail.swift */; };
		76F70D402AB599C200DF5ABA /* RotatedBadgeSymbol.swift in Sources */ = {isa = PBXBuildFile; fileRef = 76F70D3B2AB599C200DF5ABA /* RotatedBadgeSymbol.swift */; };
		76F70D412AB599C200DF5ABA /* HexagonParamters.swift in Sources */ = {isa = PBXBuildFile; fileRef = 76F70D3C2AB599C200DF5ABA /* HexagonParamters.swift */; };
		76F70D422AB599C200DF5ABA /* BadgeSymbol.swift in Sources */ = {isa = PBXBuildFile; fileRef = 76F70D3D2AB599C200DF5ABA /* BadgeSymbol.swift */; };
		76F70D432AB599C200DF5ABA /* BadgeBackground.swift in Sources */ = {isa = PBXBuildFile; fileRef = 76F70D3E2AB599C200DF5ABA /* BadgeBackground.swift */; };
		76F70D442AB599C200DF5ABA /* Badge.swift in Sources */ = {isa = PBXBuildFile; fileRef = 76F70D3F2AB599C200DF5ABA /* Badge.swift */; };
		76F70D462AB59FA500DF5ABA /* hikeData.json in Resources */ = {isa = PBXBuildFile; fileRef = 76F70D452AB59FA500DF5ABA /* hikeData.json */; };
		76F70D482AB59FD000DF5ABA /* Hike.swift in Sources */ = {isa = PBXBuildFile; fileRef = 76F70D472AB59FD000DF5ABA /* Hike.swift */; };
		76F70D4E2AB5A0ED00DF5ABA /* GraphCapsule.swift in Sources */ = {isa = PBXBuildFile; fileRef = 76F70D4A2AB5A0ED00DF5ABA /* GraphCapsule.swift */; };
		76F70D4F2AB5A0ED00DF5ABA /* HikeGraph.swift in Sources */ = {isa = PBXBuildFile; fileRef = 76F70D4B2AB5A0ED00DF5ABA /* HikeGraph.swift */; };
		76F70D502AB5A0ED00DF5ABA /* HikeDetail.swift in Sources */ = {isa = PBXBuildFile; fileRef = 76F70D4C2AB5A0ED00DF5ABA /* HikeDetail.swift */; };
		76F70D512AB5A0ED00DF5ABA /* HikeView.swift in Sources */ = {isa = PBXBuildFile; fileRef = 76F70D4D2AB5A0ED00DF5ABA /* HikeView.swift */; };
		76F70D542AB5B70900DF5ABA /* CategoryHome.swift in Sources */ = {isa = PBXBuildFile; fileRef = 76F70D532AB5B70900DF5ABA /* CategoryHome.swift */; };
		76F70D562AB5B9E900DF5ABA /* CategoryRow.swift in Sources */ = {isa = PBXBuildFile; fileRef = 76F70D552AB5B9E900DF5ABA /* CategoryRow.swift */; };
		76F70D582AB5BB8900DF5ABA /* CategoryItem.swift in Sources */ = {isa = PBXBuildFile; fileRef = 76F70D572AB5BB8900DF5ABA /* CategoryItem.swift */; };
		76F70D5A2AB5C3F800DF5ABA /* Profile.swift in Sources */ = {isa = PBXBuildFile; fileRef = 76F70D592AB5C3F800DF5ABA /* Profile.swift */; };
		76F70D5D2AB5C45500DF5ABA /* ProfileHost.swift in Sources */ = {isa = PBXBuildFile; fileRef = 76F70D5C2AB5C45500DF5ABA /* ProfileHost.swift */; };
		76F70D5F2AB5C4CD00DF5ABA /* ProfileSummary.swift in Sources */ = {isa = PBXBuildFile; fileRef = 76F70D5E2AB5C4CD00DF5ABA /* ProfileSummary.swift */; };
		76F70D612AB5C61000DF5ABA /* HikeBadge.swift in Sources */ = {isa = PBXBuildFile; fileRef = 76F70D602AB5C61000DF5ABA /* HikeBadge.swift */; };
		76F70D632AB7134A00DF5ABA /* ProfileEditor.swift in Sources */ = {isa = PBXBuildFile; fileRef = 76F70D622AB7134A00DF5ABA /* ProfileEditor.swift */; };
		76F70D662AB7207900DF5ABA /* PageViewController.swift in Sources */ = {isa = PBXBuildFile; fileRef = 76F70D652AB7207900DF5ABA /* PageViewController.swift */; };
		76F70D682AB723F800DF5ABA /* FeatureCard.swift in Sources */ = {isa = PBXBuildFile; fileRef = 76F70D672AB723F800DF5ABA /* FeatureCard.swift */; };
		76F70D6A2AB7266600DF5ABA /* PageView.swift in Sources */ = {isa = PBXBuildFile; fileRef = 76F70D692AB7266600DF5ABA /* PageView.swift */; };
		76F70D6C2AB72F1400DF5ABA /* PageControl.swift in Sources */ = {isa = PBXBuildFile; fileRef = 76F70D6B2AB72F1400DF5ABA /* PageControl.swift */; };
/* End PBXBuildFile section */

/* Begin PBXContainerItemProxy section */
		767314F42AB842690040212B /* PBXContainerItemProxy */ = {
			isa = PBXContainerItemProxy;
			containerPortal = 2FE305AE29D328F70006803C /* Project object */;
			proxyType = 1;
			remoteGlobalIDString = 767314E82AB842650040212B;
			remoteInfo = "WatchLandmarks Watch App";
		};
/* End PBXContainerItemProxy section */

/* Begin PBXCopyFilesBuildPhase section */
		767314F72AB842690040212B /* Embed Watch Content */ = {
			isa = PBXCopyFilesBuildPhase;
			buildActionMask = 2147483647;
			dstPath = "$(CONTENTS_FOLDER_PATH)/Watch";
			dstSubfolderSpec = 16;
			files = (
				767314F62AB842690040212B /* WatchLandmarks Watch App.app in Embed Watch Content */,
			);
			name = "Embed Watch Content";
			runOnlyForDeploymentPostprocessing = 0;
		};
/* End PBXCopyFilesBuildPhase section */

/* Begin PBXFileReference section */
		2F713DF929DB018E00FF3B8B /* CircleImage.swift */ = {isa = PBXFileReference; lastKnownFileType = sourcecode.swift; path = CircleImage.swift; sourceTree = "<group>"; };
		2F713DFB29DB034400FF3B8B /* MapView.swift */ = {isa = PBXFileReference; lastKnownFileType = sourcecode.swift; path = MapView.swift; sourceTree = "<group>"; };
		2F713DFF29DC604E00FF3B8B /* landmarkData.json */ = {isa = PBXFileReference; fileEncoding = 4; lastKnownFileType = text.json; path = landmarkData.json; sourceTree = "<group>"; };
		2F713E0129DC606600FF3B8B /* Landmark.swift */ = {isa = PBXFileReference; lastKnownFileType = sourcecode.swift; path = Landmark.swift; sourceTree = "<group>"; };
		2F713E0329DC620900FF3B8B /* ModelData.swift */ = {isa = PBXFileReference; lastKnownFileType = sourcecode.swift; path = ModelData.swift; sourceTree = "<group>"; };
		2FE305B629D328F70006803C /* Landmarks.app */ = {isa = PBXFileReference; explicitFileType = wrapper.application; includeInIndex = 0; path = Landmarks.app; sourceTree = BUILT_PRODUCTS_DIR; };
		2FE305B929D328F70006803C /* LandmarksApp.swift */ = {isa = PBXFileReference; lastKnownFileType = sourcecode.swift; path = LandmarksApp.swift; sourceTree = "<group>"; };
		2FE305BB29D328F70006803C /* ContentView.swift */ = {isa = PBXFileReference; lastKnownFileType = sourcecode.swift; path = ContentView.swift; sourceTree = "<group>"; };
		2FE305BD29D328FB0006803C /* Assets.xcassets */ = {isa = PBXFileReference; lastKnownFileType = folder.assetcatalog; path = Assets.xcassets; sourceTree = "<group>"; };
		2FE305C029D328FB0006803C /* Preview Assets.xcassets */ = {isa = PBXFileReference; lastKnownFileType = folder.assetcatalog; path = "Preview Assets.xcassets"; sourceTree = "<group>"; };
		767314E92AB842650040212B /* WatchLandmarks Watch App.app */ = {isa = PBXFileReference; explicitFileType = wrapper.application; includeInIndex = 0; path = "WatchLandmarks Watch App.app"; sourceTree = BUILT_PRODUCTS_DIR; };
		767314ED2AB842650040212B /* ContentView.swift */ = {isa = PBXFileReference; lastKnownFileType = sourcecode.swift; path = ContentView.swift; sourceTree = "<group>"; };
		767314EF2AB842690040212B /* Assets.xcassets */ = {isa = PBXFileReference; lastKnownFileType = folder.assetcatalog; path = Assets.xcassets; sourceTree = "<group>"; };
		767314F22AB842690040212B /* Preview Assets.xcassets */ = {isa = PBXFileReference; lastKnownFileType = folder.assetcatalog; path = "Preview Assets.xcassets"; sourceTree = "<group>"; };
		7686A7712A61104600315071 /* LandmarkRow.swift */ = {isa = PBXFileReference; lastKnownFileType = sourcecode.swift; path = LandmarkRow.swift; sourceTree = "<group>"; };
		7686A7732A61141B00315071 /* LandmarkList.swift */ = {isa = PBXFileReference; lastKnownFileType = sourcecode.swift; path = LandmarkList.swift; sourceTree = "<group>"; };
		7686A7752A6115F900315071 /* LandmarkDetail.swift */ = {isa = PBXFileReference; lastKnownFileType = sourcecode.swift; path = LandmarkDetail.swift; sourceTree = "<group>"; };
		7686A7772A61713C00315071 /* FavoriteButton.swift */ = {isa = PBXFileReference; lastKnownFileType = sourcecode.swift; path = FavoriteButton.swift; sourceTree = "<group>"; };
		76A2BCFA2AB846BF00149AAD /* LandmarkDetail.swift */ = {isa = PBXFileReference; lastKnownFileType = sourcecode.swift; path = LandmarkDetail.swift; sourceTree = "<group>"; };
		76F70D3B2AB599C200DF5ABA /* RotatedBadgeSymbol.swift */ = {isa = PBXFileReference; fileEncoding = 4; lastKnownFileType = sourcecode.swift; path = RotatedBadgeSymbol.swift; sourceTree = "<group>"; };
		76F70D3C2AB599C200DF5ABA /* HexagonParamters.swift */ = {isa = PBXFileReference; fileEncoding = 4; lastKnownFileType = sourcecode.swift; path = HexagonParamters.swift; sourceTree = "<group>"; };
		76F70D3D2AB599C200DF5ABA /* BadgeSymbol.swift */ = {isa = PBXFileReference; fileEncoding = 4; lastKnownFileType = sourcecode.swift; path = BadgeSymbol.swift; sourceTree = "<group>"; };
		76F70D3E2AB599C200DF5ABA /* BadgeBackground.swift */ = {isa = PBXFileReference; fileEncoding = 4; lastKnownFileType = sourcecode.swift; path = BadgeBackground.swift; sourceTree = "<group>"; };
		76F70D3F2AB599C200DF5ABA /* Badge.swift */ = {isa = PBXFileReference; fileEncoding = 4; lastKnownFileType = sourcecode.swift; path = Badge.swift; sourceTree = "<group>"; };
		76F70D452AB59FA500DF5ABA /* hikeData.json */ = {isa = PBXFileReference; fileEncoding = 4; lastKnownFileType = text.json; path = hikeData.json; sourceTree = "<group>"; };
		76F70D472AB59FD000DF5ABA /* Hike.swift */ = {isa = PBXFileReference; lastKnownFileType = sourcecode.swift; path = Hike.swift; sourceTree = "<group>"; };
		76F70D4A2AB5A0ED00DF5ABA /* GraphCapsule.swift */ = {isa = PBXFileReference; fileEncoding = 4; lastKnownFileType = sourcecode.swift; path = GraphCapsule.swift; sourceTree = "<group>"; };
		76F70D4B2AB5A0ED00DF5ABA /* HikeGraph.swift */ = {isa = PBXFileReference; fileEncoding = 4; lastKnownFileType = sourcecode.swift; path = HikeGraph.swift; sourceTree = "<group>"; };
		76F70D4C2AB5A0ED00DF5ABA /* HikeDetail.swift */ = {isa = PBXFileReference; fileEncoding = 4; lastKnownFileType = sourcecode.swift; path = HikeDetail.swift; sourceTree = "<group>"; };
		76F70D4D2AB5A0ED00DF5ABA /* HikeView.swift */ = {isa = PBXFileReference; fileEncoding = 4; lastKnownFileType = sourcecode.swift; path = HikeView.swift; sourceTree = "<group>"; };
		76F70D532AB5B70900DF5ABA /* CategoryHome.swift */ = {isa = PBXFileReference; lastKnownFileType = sourcecode.swift; path = CategoryHome.swift; sourceTree = "<group>"; };
		76F70D552AB5B9E900DF5ABA /* CategoryRow.swift */ = {isa = PBXFileReference; lastKnownFileType = sourcecode.swift; path = CategoryRow.swift; sourceTree = "<group>"; };
		76F70D572AB5BB8900DF5ABA /* CategoryItem.swift */ = {isa = PBXFileReference; lastKnownFileType = sourcecode.swift; path = CategoryItem.swift; sourceTree = "<group>"; };
		76F70D592AB5C3F800DF5ABA /* Profile.swift */ = {isa = PBXFileReference; lastKnownFileType = sourcecode.swift; path = Profile.swift; sourceTree = "<group>"; };
		76F70D5C2AB5C45500DF5ABA /* ProfileHost.swift */ = {isa = PBXFileReference; lastKnownFileType = sourcecode.swift; path = ProfileHost.swift; sourceTree = "<group>"; };
		76F70D5E2AB5C4CD00DF5ABA /* ProfileSummary.swift */ = {isa = PBXFileReference; lastKnownFileType = sourcecode.swift; path = ProfileSummary.swift; sourceTree = "<group>"; };
		76F70D602AB5C61000DF5ABA /* HikeBadge.swift */ = {isa = PBXFileReference; lastKnownFileType = sourcecode.swift; path = HikeBadge.swift; sourceTree = "<group>"; };
		76F70D622AB7134A00DF5ABA /* ProfileEditor.swift */ = {isa = PBXFileReference; lastKnownFileType = sourcecode.swift; path = ProfileEditor.swift; sourceTree = "<group>"; };
		76F70D652AB7207900DF5ABA /* PageViewController.swift */ = {isa = PBXFileReference; lastKnownFileType = sourcecode.swift; path = PageViewController.swift; sourceTree = "<group>"; };
		76F70D672AB723F800DF5ABA /* FeatureCard.swift */ = {isa = PBXFileReference; lastKnownFileType = sourcecode.swift; path = FeatureCard.swift; sourceTree = "<group>"; };
		76F70D692AB7266600DF5ABA /* PageView.swift */ = {isa = PBXFileReference; lastKnownFileType = sourcecode.swift; path = PageView.swift; sourceTree = "<group>"; };
		76F70D6B2AB72F1400DF5ABA /* PageControl.swift */ = {isa = PBXFileReference; lastKnownFileType = sourcecode.swift; path = PageControl.swift; sourceTree = "<group>"; };
/* End PBXFileReference section */

/* Begin PBXFrameworksBuildPhase section */
		2FE305B329D328F70006803C /* Frameworks */ = {
			isa = PBXFrameworksBuildPhase;
			buildActionMask = 2147483647;
			files = (
			);
			runOnlyForDeploymentPostprocessing = 0;
		};
		767314E62AB842650040212B /* Frameworks */ = {
			isa = PBXFrameworksBuildPhase;
			buildActionMask = 2147483647;
			files = (
			);
			runOnlyForDeploymentPostprocessing = 0;
		};
/* End PBXFrameworksBuildPhase section */

/* Begin PBXGroup section */
		2F713E0629DC637D00FF3B8B /* Views */ = {
			isa = PBXGroup;
			children = (
				76F70D642AB7206A00DF5ABA /* PageView */,
				76F70D5B2AB5C44700DF5ABA /* Profiles */,
				76F70D522AB5B6F900DF5ABA /* Categories */,
				76F70D492AB5A0ED00DF5ABA /* Hikes */,
				76F70D3A2AB599C200DF5ABA /* Badges */,
				2FE305BB29D328F70006803C /* ContentView.swift */,
				7686A77A2A61721D00315071 /* Helpers */,
				7686A7792A6171E100315071 /* Landmarks */,
			);
			path = Views;
			sourceTree = "<group>";
		};
		2F713E0829DC63B200FF3B8B /* Model */ = {
			isa = PBXGroup;
			children = (
				76F70D472AB59FD000DF5ABA /* Hike.swift */,
				2F713E0129DC606600FF3B8B /* Landmark.swift */,
				2F713E0329DC620900FF3B8B /* ModelData.swift */,
				76F70D592AB5C3F800DF5ABA /* Profile.swift */,
			);
			path = Model;
			sourceTree = "<group>";
		};
		2F713E0929DC63BB00FF3B8B /* Resources */ = {
			isa = PBXGroup;
			children = (
				2F713DFF29DC604E00FF3B8B /* landmarkData.json */,
				76F70D452AB59FA500DF5ABA /* hikeData.json */,
			);
			path = Resources;
			sourceTree = "<group>";
		};
		2FE305AD29D328F70006803C = {
			isa = PBXGroup;
			children = (
				2FE305B829D328F70006803C /* Landmarks */,
				767314EA2AB842650040212B /* WatchLandmarks Watch App */,
				2FE305B729D328F70006803C /* Products */,
			);
			sourceTree = "<group>";
		};
		2FE305B729D328F70006803C /* Products */ = {
			isa = PBXGroup;
			children = (
				2FE305B629D328F70006803C /* Landmarks.app */,
				767314E92AB842650040212B /* WatchLandmarks Watch App.app */,
			);
			name = Products;
			sourceTree = "<group>";
		};
		2FE305B829D328F70006803C /* Landmarks */ = {
			isa = PBXGroup;
			children = (
				2FE305BD29D328FB0006803C /* Assets.xcassets */,
				2FE305B929D328F70006803C /* LandmarksApp.swift */,
				2F713E0829DC63B200FF3B8B /* Model */,
				2FE305BF29D328FB0006803C /* Preview Content */,
				2F713E0929DC63BB00FF3B8B /* Resources */,
				2F713E0629DC637D00FF3B8B /* Views */,
			);
			path = Landmarks;
			sourceTree = "<group>";
		};
		2FE305BF29D328FB0006803C /* Preview Content */ = {
			isa = PBXGroup;
			children = (
				2FE305C029D328FB0006803C /* Preview Assets.xcassets */,
			);
			path = "Preview Content";
			sourceTree = "<group>";
		};
		767314EA2AB842650040212B /* WatchLandmarks Watch App */ = {
			isa = PBXGroup;
			children = (
				767314ED2AB842650040212B /* ContentView.swift */,
				767314EF2AB842690040212B /* Assets.xcassets */,
				767314F12AB842690040212B /* Preview Content */,
				76A2BCFA2AB846BF00149AAD /* LandmarkDetail.swift */,
			);
			path = "WatchLandmarks Watch App";
			sourceTree = "<group>";
		};
		767314F12AB842690040212B /* Preview Content */ = {
			isa = PBXGroup;
			children = (
				767314F22AB842690040212B /* Preview Assets.xcassets */,
			);
			path = "Preview Content";
			sourceTree = "<group>";
		};
		7686A7792A6171E100315071 /* Landmarks */ = {
			isa = PBXGroup;
			children = (
				7686A7712A61104600315071 /* LandmarkRow.swift */,
				7686A7732A61141B00315071 /* LandmarkList.swift */,
				7686A7752A6115F900315071 /* LandmarkDetail.swift */,
			);
			path = Landmarks;
			sourceTree = "<group>";
		};
		7686A77A2A61721D00315071 /* Helpers */ = {
			isa = PBXGroup;
			children = (
				2F713DF929DB018E00FF3B8B /* CircleImage.swift */,
				2F713DFB29DB034400FF3B8B /* MapView.swift */,
				7686A7772A61713C00315071 /* FavoriteButton.swift */,
			);
			path = Helpers;
			sourceTree = "<group>";
		};
		76F70D3A2AB599C200DF5ABA /* Badges */ = {
			isa = PBXGroup;
			children = (
				76F70D3B2AB599C200DF5ABA /* RotatedBadgeSymbol.swift */,
				76F70D3C2AB599C200DF5ABA /* HexagonParamters.swift */,
				76F70D3D2AB599C200DF5ABA /* BadgeSymbol.swift */,
				76F70D3E2AB599C200DF5ABA /* BadgeBackground.swift */,
				76F70D3F2AB599C200DF5ABA /* Badge.swift */,
			);
			path = Badges;
			sourceTree = "<group>";
		};
		76F70D492AB5A0ED00DF5ABA /* Hikes */ = {
			isa = PBXGroup;
			children = (
				76F70D4A2AB5A0ED00DF5ABA /* GraphCapsule.swift */,
				76F70D4B2AB5A0ED00DF5ABA /* HikeGraph.swift */,
				76F70D4C2AB5A0ED00DF5ABA /* HikeDetail.swift */,
				76F70D4D2AB5A0ED00DF5ABA /* HikeView.swift */,
				76F70D602AB5C61000DF5ABA /* HikeBadge.swift */,
			);
			path = Hikes;
			sourceTree = "<group>";
		};
		76F70D522AB5B6F900DF5ABA /* Categories */ = {
			isa = PBXGroup;
			children = (
				76F70D532AB5B70900DF5ABA /* CategoryHome.swift */,
				76F70D552AB5B9E900DF5ABA /* CategoryRow.swift */,
				76F70D572AB5BB8900DF5ABA /* CategoryItem.swift */,
			);
			path = Categories;
			sourceTree = "<group>";
		};
		76F70D5B2AB5C44700DF5ABA /* Profiles */ = {
			isa = PBXGroup;
			children = (
				76F70D5C2AB5C45500DF5ABA /* ProfileHost.swift */,
				76F70D5E2AB5C4CD00DF5ABA /* ProfileSummary.swift */,
				76F70D622AB7134A00DF5ABA /* ProfileEditor.swift */,
			);
			path = Profiles;
			sourceTree = "<group>";
		};
		76F70D642AB7206A00DF5ABA /* PageView */ = {
			isa = PBXGroup;
			children = (
				76F70D652AB7207900DF5ABA /* PageViewController.swift */,
				76F70D672AB723F800DF5ABA /* FeatureCard.swift */,
				76F70D692AB7266600DF5ABA /* PageView.swift */,
				76F70D6B2AB72F1400DF5ABA /* PageControl.swift */,
			);
			path = PageView;
			sourceTree = "<group>";
		};
/* End PBXGroup section */

/* Begin PBXNativeTarget section */
		2FE305B529D328F70006803C /* Landmarks */ = {
			isa = PBXNativeTarget;
			buildConfigurationList = 2FE305C429D328FB0006803C /* Build configuration list for PBXNativeTarget "Landmarks" */;
			buildPhases = (
				2FE305B229D328F70006803C /* Sources */,
				2FE305B329D328F70006803C /* Frameworks */,
				2FE305B429D328F70006803C /* Resources */,
				767314F72AB842690040212B /* Embed Watch Content */,
			);
			buildRules = (
			);
			dependencies = (
				767314F52AB842690040212B /* PBXTargetDependency */,
			);
			name = Landmarks;
			productName = Landmarks;
			productReference = 2FE305B629D328F70006803C /* Landmarks.app */;
			productType = "com.apple.product-type.application";
		};
		767314E82AB842650040212B /* WatchLandmarks Watch App */ = {
			isa = PBXNativeTarget;
			buildConfigurationList = 767314FA2AB842690040212B /* Build configuration list for PBXNativeTarget "WatchLandmarks Watch App" */;
			buildPhases = (
				767314E52AB842650040212B /* Sources */,
				767314E62AB842650040212B /* Frameworks */,
				767314E72AB842650040212B /* Resources */,
			);
			buildRules = (
			);
			dependencies = (
			);
			name = "WatchLandmarks Watch App";
			productName = "WatchLandmarks Watch App";
			productReference = 767314E92AB842650040212B /* WatchLandmarks Watch App.app */;
			productType = "com.apple.product-type.application";
		};
/* End PBXNativeTarget section */

/* Begin PBXProject section */
		2FE305AE29D328F70006803C /* Project object */ = {
			isa = PBXProject;
			attributes = {
				BuildIndependentTargetsInParallel = 1;
				LastSwiftUpdateCheck = 1430;
				LastUpgradeCheck = 1420;
				TargetAttributes = {
					2FE305B529D328F70006803C = {
						CreatedOnToolsVersion = 14.2;
					};
					767314E82AB842650040212B = {
						CreatedOnToolsVersion = 14.3;
					};
				};
			};
			buildConfigurationList = 2FE305B129D328F70006803C /* Build configuration list for PBXProject "Landmarks" */;
			compatibilityVersion = "Xcode 14.0";
			developmentRegion = en;
			hasScannedForEncodings = 0;
			knownRegions = (
				en,
				Base,
			);
			mainGroup = 2FE305AD29D328F70006803C;
			productRefGroup = 2FE305B729D328F70006803C /* Products */;
			projectDirPath = "";
			projectRoot = "";
			targets = (
				2FE305B529D328F70006803C /* Landmarks */,
				767314E82AB842650040212B /* WatchLandmarks Watch App */,
			);
		};
/* End PBXProject section */

/* Begin PBXResourcesBuildPhase section */
		2FE305B429D328F70006803C /* Resources */ = {
			isa = PBXResourcesBuildPhase;
			buildActionMask = 2147483647;
			files = (
				76F70D462AB59FA500DF5ABA /* hikeData.json in Resources */,
				2FE305C129D328FB0006803C /* Preview Assets.xcassets in Resources */,
				2FE305BE29D328FB0006803C /* Assets.xcassets in Resources */,
				2F713E0029DC604E00FF3B8B /* landmarkData.json in Resources */,
			);
			runOnlyForDeploymentPostprocessing = 0;
		};
		767314E72AB842650040212B /* Resources */ = {
			isa = PBXResourcesBuildPhase;
			buildActionMask = 2147483647;
			files = (
				76A2BCF42AB8461F00149AAD /* hikeData.json in Resources */,
				767314F32AB842690040212B /* Preview Assets.xcassets in Resources */,
				76A2BCEE2AB8461F00149AAD /* Assets.xcassets in Resources */,
				76A2BCF72AB8461F00149AAD /* landmarkData.json in Resources */,
				767314F02AB842690040212B /* Assets.xcassets in Resources */,
			);
			runOnlyForDeploymentPostprocessing = 0;
		};
/* End PBXResourcesBuildPhase section */

/* Begin PBXSourcesBuildPhase section */
		2FE305B229D328F70006803C /* Sources */ = {
			isa = PBXSourcesBuildPhase;
			buildActionMask = 2147483647;
			files = (
				76F70D562AB5B9E900DF5ABA /* CategoryRow.swift in Sources */,
				76F70D5A2AB5C3F800DF5ABA /* Profile.swift in Sources */,
				2FE305BC29D328F70006803C /* ContentView.swift in Sources */,
				76F70D542AB5B70900DF5ABA /* CategoryHome.swift in Sources */,
				76F70D682AB723F800DF5ABA /* FeatureCard.swift in Sources */,
				76F70D4F2AB5A0ED00DF5ABA /* HikeGraph.swift in Sources */,
				76F70D442AB599C200DF5ABA /* Badge.swift in Sources */,
				2F713E0429DC620900FF3B8B /* ModelData.swift in Sources */,
				76F70D4E2AB5A0ED00DF5ABA /* GraphCapsule.swift in Sources */,
				76F70D402AB599C200DF5ABA /* RotatedBadgeSymbol.swift in Sources */,
				76F70D6C2AB72F1400DF5ABA /* PageControl.swift in Sources */,
				2F713DFC29DB034400FF3B8B /* MapView.swift in Sources */,
				76F70D582AB5BB8900DF5ABA /* CategoryItem.swift in Sources */,
				76F70D502AB5A0ED00DF5ABA /* HikeDetail.swift in Sources */,
				76F70D5F2AB5C4CD00DF5ABA /* ProfileSummary.swift in Sources */,
				7686A7782A61713C00315071 /* FavoriteButton.swift in Sources */,
				76F70D5D2AB5C45500DF5ABA /* ProfileHost.swift in Sources */,
				76F70D482AB59FD000DF5ABA /* Hike.swift in Sources */,
				76F70D422AB599C200DF5ABA /* BadgeSymbol.swift in Sources */,
				76F70D6A2AB7266600DF5ABA /* PageView.swift in Sources */,
				7686A7742A61141B00315071 /* LandmarkList.swift in Sources */,
				76F70D632AB7134A00DF5ABA /* ProfileEditor.swift in Sources */,
				76F70D412AB599C200DF5ABA /* HexagonParamters.swift in Sources */,
				76F70D512AB5A0ED00DF5ABA /* HikeView.swift in Sources */,
				7686A7762A6115F900315071 /* LandmarkDetail.swift in Sources */,
				76F70D662AB7207900DF5ABA /* PageViewController.swift in Sources */,
				76F70D432AB599C200DF5ABA /* BadgeBackground.swift in Sources */,
				76F70D612AB5C61000DF5ABA /* HikeBadge.swift in Sources */,
				2FE305BA29D328F70006803C /* LandmarksApp.swift in Sources */,
				2F713DFA29DB018E00FF3B8B /* CircleImage.swift in Sources */,
				7686A7722A61104600315071 /* LandmarkRow.swift in Sources */,
				2F713E0229DC606600FF3B8B /* Landmark.swift in Sources */,
			);
			runOnlyForDeploymentPostprocessing = 0;
		};
		767314E52AB842650040212B /* Sources */ = {
			isa = PBXSourcesBuildPhase;
			buildActionMask = 2147483647;
			files = (
				767314EE2AB842650040212B /* ContentView.swift in Sources */,
				76A2BCF62AB8461F00149AAD /* CircleImage.swift in Sources */,
				76A2BCF32AB8461F00149AAD /* MapView.swift in Sources */,
				76A2BCF12AB8461F00149AAD /* ModelData.swift in Sources */,
				76A2BCF52AB8461F00149AAD /* Profile.swift in Sources */,
				76A2BCEF2AB8461F00149AAD /* Landmark.swift in Sources */,
				76A2BCF82AB8461F00149AAD /* Hike.swift in Sources */,
				76A2BCF22AB8461F00149AAD /* LandmarksApp.swift in Sources */,
				76A2BCF02AB8461F00149AAD /* LandmarkRow.swift in Sources */,
				76A2BCF92AB8461F00149AAD /* LandmarkList.swift in Sources */,
				76A2BCFB2AB846BF00149AAD /* LandmarkDetail.swift in Sources */,
			);
			runOnlyForDeploymentPostprocessing = 0;
		};
/* End PBXSourcesBuildPhase section */

/* Begin PBXTargetDependency section */
		767314F52AB842690040212B /* PBXTargetDependency */ = {
			isa = PBXTargetDependency;
			target = 767314E82AB842650040212B /* WatchLandmarks Watch App */;
			targetProxy = 767314F42AB842690040212B /* PBXContainerItemProxy */;
		};
/* End PBXTargetDependency section */

/* Begin XCBuildConfiguration section */
		2FE305C229D328FB0006803C /* Debug */ = {
			isa = XCBuildConfiguration;
			buildSettings = {
				ALWAYS_SEARCH_USER_PATHS = NO;
				CLANG_ANALYZER_NONNULL = YES;
				CLANG_ANALYZER_NUMBER_OBJECT_CONVERSION = YES_AGGRESSIVE;
				CLANG_CXX_LANGUAGE_STANDARD = "gnu++20";
				CLANG_ENABLE_MODULES = YES;
				CLANG_ENABLE_OBJC_ARC = YES;
				CLANG_ENABLE_OBJC_WEAK = YES;
				CLANG_WARN_BLOCK_CAPTURE_AUTORELEASING = YES;
				CLANG_WARN_BOOL_CONVERSION = YES;
				CLANG_WARN_COMMA = YES;
				CLANG_WARN_CONSTANT_CONVERSION = YES;
				CLANG_WARN_DEPRECATED_OBJC_IMPLEMENTATIONS = YES;
				CLANG_WARN_DIRECT_OBJC_ISA_USAGE = YES_ERROR;
				CLANG_WARN_DOCUMENTATION_COMMENTS = YES;
				CLANG_WARN_EMPTY_BODY = YES;
				CLANG_WARN_ENUM_CONVERSION = YES;
				CLANG_WARN_INFINITE_RECURSION = YES;
				CLANG_WARN_INT_CONVERSION = YES;
				CLANG_WARN_NON_LITERAL_NULL_CONVERSION = YES;
				CLANG_WARN_OBJC_IMPLICIT_RETAIN_SELF = YES;
				CLANG_WARN_OBJC_LITERAL_CONVERSION = YES;
				CLANG_WARN_OBJC_ROOT_CLASS = YES_ERROR;
				CLANG_WARN_QUOTED_INCLUDE_IN_FRAMEWORK_HEADER = YES;
				CLANG_WARN_RANGE_LOOP_ANALYSIS = YES;
				CLANG_WARN_STRICT_PROTOTYPES = YES;
				CLANG_WARN_SUSPICIOUS_MOVE = YES;
				CLANG_WARN_UNGUARDED_AVAILABILITY = YES_AGGRESSIVE;
				CLANG_WARN_UNREACHABLE_CODE = YES;
				CLANG_WARN__DUPLICATE_METHOD_MATCH = YES;
				COPY_PHASE_STRIP = NO;
				DEBUG_INFORMATION_FORMAT = dwarf;
				ENABLE_STRICT_OBJC_MSGSEND = YES;
				ENABLE_TESTABILITY = YES;
				GCC_C_LANGUAGE_STANDARD = gnu11;
				GCC_DYNAMIC_NO_PIC = NO;
				GCC_NO_COMMON_BLOCKS = YES;
				GCC_OPTIMIZATION_LEVEL = 0;
				GCC_PREPROCESSOR_DEFINITIONS = (
					"DEBUG=1",
					"$(inherited)",
				);
				GCC_WARN_64_TO_32_BIT_CONVERSION = YES;
				GCC_WARN_ABOUT_RETURN_TYPE = YES_ERROR;
				GCC_WARN_UNDECLARED_SELECTOR = YES;
				GCC_WARN_UNINITIALIZED_AUTOS = YES_AGGRESSIVE;
				GCC_WARN_UNUSED_FUNCTION = YES;
				GCC_WARN_UNUSED_VARIABLE = YES;
				IPHONEOS_DEPLOYMENT_TARGET = 16.2;
				MTL_ENABLE_DEBUG_INFO = INCLUDE_SOURCE;
				MTL_FAST_MATH = YES;
				ONLY_ACTIVE_ARCH = YES;
				SDKROOT = iphoneos;
				SWIFT_ACTIVE_COMPILATION_CONDITIONS = DEBUG;
				SWIFT_OPTIMIZATION_LEVEL = "-Onone";
			};
			name = Debug;
		};
		2FE305C329D328FB0006803C /* Release */ = {
			isa = XCBuildConfiguration;
			buildSettings = {
				ALWAYS_SEARCH_USER_PATHS = NO;
				CLANG_ANALYZER_NONNULL = YES;
				CLANG_ANALYZER_NUMBER_OBJECT_CONVERSION = YES_AGGRESSIVE;
				CLANG_CXX_LANGUAGE_STANDARD = "gnu++20";
				CLANG_ENABLE_MODULES = YES;
				CLANG_ENABLE_OBJC_ARC = YES;
				CLANG_ENABLE_OBJC_WEAK = YES;
				CLANG_WARN_BLOCK_CAPTURE_AUTORELEASING = YES;
				CLANG_WARN_BOOL_CONVERSION = YES;
				CLANG_WARN_COMMA = YES;
				CLANG_WARN_CONSTANT_CONVERSION = YES;
				CLANG_WARN_DEPRECATED_OBJC_IMPLEMENTATIONS = YES;
				CLANG_WARN_DIRECT_OBJC_ISA_USAGE = YES_ERROR;
				CLANG_WARN_DOCUMENTATION_COMMENTS = YES;
				CLANG_WARN_EMPTY_BODY = YES;
				CLANG_WARN_ENUM_CONVERSION = YES;
				CLANG_WARN_INFINITE_RECURSION = YES;
				CLANG_WARN_INT_CONVERSION = YES;
				CLANG_WARN_NON_LITERAL_NULL_CONVERSION = YES;
				CLANG_WARN_OBJC_IMPLICIT_RETAIN_SELF = YES;
				CLANG_WARN_OBJC_LITERAL_CONVERSION = YES;
				CLANG_WARN_OBJC_ROOT_CLASS = YES_ERROR;
				CLANG_WARN_QUOTED_INCLUDE_IN_FRAMEWORK_HEADER = YES;
				CLANG_WARN_RANGE_LOOP_ANALYSIS = YES;
				CLANG_WARN_STRICT_PROTOTYPES = YES;
				CLANG_WARN_SUSPICIOUS_MOVE = YES;
				CLANG_WARN_UNGUARDED_AVAILABILITY = YES_AGGRESSIVE;
				CLANG_WARN_UNREACHABLE_CODE = YES;
				CLANG_WARN__DUPLICATE_METHOD_MATCH = YES;
				COPY_PHASE_STRIP = NO;
				DEBUG_INFORMATION_FORMAT = "dwarf-with-dsym";
				ENABLE_NS_ASSERTIONS = NO;
				ENABLE_STRICT_OBJC_MSGSEND = YES;
				GCC_C_LANGUAGE_STANDARD = gnu11;
				GCC_NO_COMMON_BLOCKS = YES;
				GCC_WARN_64_TO_32_BIT_CONVERSION = YES;
				GCC_WARN_ABOUT_RETURN_TYPE = YES_ERROR;
				GCC_WARN_UNDECLARED_SELECTOR = YES;
				GCC_WARN_UNINITIALIZED_AUTOS = YES_AGGRESSIVE;
				GCC_WARN_UNUSED_FUNCTION = YES;
				GCC_WARN_UNUSED_VARIABLE = YES;
				IPHONEOS_DEPLOYMENT_TARGET = 16.2;
				MTL_ENABLE_DEBUG_INFO = NO;
				MTL_FAST_MATH = YES;
				SDKROOT = iphoneos;
				SWIFT_COMPILATION_MODE = wholemodule;
				SWIFT_OPTIMIZATION_LEVEL = "-O";
				VALIDATE_PRODUCT = YES;
			};
			name = Release;
		};
		2FE305C529D328FB0006803C /* Debug */ = {
			isa = XCBuildConfiguration;
			buildSettings = {
				ALWAYS_EMBED_SWIFT_STANDARD_LIBRARIES = YES;
				ASSETCATALOG_COMPILER_APPICON_NAME = AppIcon;
				ASSETCATALOG_COMPILER_GLOBAL_ACCENT_COLOR_NAME = AccentColor;
				CODE_SIGN_STYLE = Automatic;
				CURRENT_PROJECT_VERSION = 1;
				DEVELOPMENT_ASSET_PATHS = "\"Landmarks/Preview Content\"";
				ENABLE_PREVIEWS = YES;
				GENERATE_INFOPLIST_FILE = YES;
				INFOPLIST_KEY_UIApplicationSceneManifest_Generation = YES;
				INFOPLIST_KEY_UIApplicationSupportsIndirectInputEvents = YES;
				INFOPLIST_KEY_UILaunchScreen_Generation = YES;
				INFOPLIST_KEY_UISupportedInterfaceOrientations_iPad = "UIInterfaceOrientationPortrait UIInterfaceOrientationPortraitUpsideDown UIInterfaceOrientationLandscapeLeft UIInterfaceOrientationLandscapeRight";
				INFOPLIST_KEY_UISupportedInterfaceOrientations_iPhone = "UIInterfaceOrientationPortrait UIInterfaceOrientationLandscapeLeft UIInterfaceOrientationLandscapeRight";
				LD_RUNPATH_SEARCH_PATHS = (
					"$(inherited)",
					"@executable_path/Frameworks",
				);
				MARKETING_VERSION = 1.0;
				PRODUCT_BUNDLE_IDENTIFIER = nakandakari.toru.Landmarks;
				PRODUCT_NAME = "$(TARGET_NAME)";
				SWIFT_EMIT_LOC_STRINGS = YES;
				SWIFT_VERSION = 5.0;
				TARGETED_DEVICE_FAMILY = "1,2";
			};
			name = Debug;
		};
		2FE305C629D328FB0006803C /* Release */ = {
			isa = XCBuildConfiguration;
			buildSettings = {
				ALWAYS_EMBED_SWIFT_STANDARD_LIBRARIES = YES;
				ASSETCATALOG_COMPILER_APPICON_NAME = AppIcon;
				ASSETCATALOG_COMPILER_GLOBAL_ACCENT_COLOR_NAME = AccentColor;
				CODE_SIGN_STYLE = Automatic;
				CURRENT_PROJECT_VERSION = 1;
				DEVELOPMENT_ASSET_PATHS = "\"Landmarks/Preview Content\"";
				ENABLE_PREVIEWS = YES;
				GENERATE_INFOPLIST_FILE = YES;
				INFOPLIST_KEY_UIApplicationSceneManifest_Generation = YES;
				INFOPLIST_KEY_UIApplicationSupportsIndirectInputEvents = YES;
				INFOPLIST_KEY_UILaunchScreen_Generation = YES;
				INFOPLIST_KEY_UISupportedInterfaceOrientations_iPad = "UIInterfaceOrientationPortrait UIInterfaceOrientationPortraitUpsideDown UIInterfaceOrientationLandscapeLeft UIInterfaceOrientationLandscapeRight";
				INFOPLIST_KEY_UISupportedInterfaceOrientations_iPhone = "UIInterfaceOrientationPortrait UIInterfaceOrientationLandscapeLeft UIInterfaceOrientationLandscapeRight";
				LD_RUNPATH_SEARCH_PATHS = (
					"$(inherited)",
					"@executable_path/Frameworks",
				);
				MARKETING_VERSION = 1.0;
				PRODUCT_BUNDLE_IDENTIFIER = nakandakari.toru.Landmarks;
				PRODUCT_NAME = "$(TARGET_NAME)";
				SWIFT_EMIT_LOC_STRINGS = YES;
				SWIFT_VERSION = 5.0;
				TARGETED_DEVICE_FAMILY = "1,2";
			};
			name = Release;
		};
		767314F82AB842690040212B /* Debug */ = {
			isa = XCBuildConfiguration;
			buildSettings = {
				ASSETCATALOG_COMPILER_APPICON_NAME = AppIcon;
				ASSETCATALOG_COMPILER_GLOBAL_ACCENT_COLOR_NAME = AccentColor;
				CODE_SIGN_STYLE = Automatic;
				CURRENT_PROJECT_VERSION = 1;
				DEVELOPMENT_ASSET_PATHS = "\"WatchLandmarks Watch App/Preview Content\"";
				ENABLE_PREVIEWS = YES;
				GENERATE_INFOPLIST_FILE = YES;
				INFOPLIST_KEY_CFBundleDisplayName = WatchLandmarks;
				INFOPLIST_KEY_UISupportedInterfaceOrientations = "UIInterfaceOrientationPortrait UIInterfaceOrientationPortraitUpsideDown";
				INFOPLIST_KEY_WKCompanionAppBundleIdentifier = nakandakari.toru.Landmarks;
				INFOPLIST_KEY_WKRunsIndependentlyOfCompanionApp = YES;
				LD_RUNPATH_SEARCH_PATHS = (
					"$(inherited)",
					"@executable_path/Frameworks",
				);
				MARKETING_VERSION = 1.0;
				PRODUCT_BUNDLE_IDENTIFIER = nakandakari.toru.Landmarks.watchkitapp;
				PRODUCT_NAME = "$(TARGET_NAME)";
				SDKROOT = watchos;
				SKIP_INSTALL = YES;
				SWIFT_EMIT_LOC_STRINGS = YES;
				SWIFT_VERSION = 5.0;
				TARGETED_DEVICE_FAMILY = 4;
				WATCHOS_DEPLOYMENT_TARGET = 9.4;
			};
			name = Debug;
		};
		767314F92AB842690040212B /* Release */ = {
			isa = XCBuildConfiguration;
			buildSettings = {
				ASSETCATALOG_COMPILER_APPICON_NAME = AppIcon;
				ASSETCATALOG_COMPILER_GLOBAL_ACCENT_COLOR_NAME = AccentColor;
				CODE_SIGN_STYLE = Automatic;
				CURRENT_PROJECT_VERSION = 1;
				DEVELOPMENT_ASSET_PATHS = "\"WatchLandmarks Watch App/Preview Content\"";
				ENABLE_PREVIEWS = YES;
				GENERATE_INFOPLIST_FILE = YES;
				INFOPLIST_KEY_CFBundleDisplayName = WatchLandmarks;
				INFOPLIST_KEY_UISupportedInterfaceOrientations = "UIInterfaceOrientationPortrait UIInterfaceOrientationPortraitUpsideDown";
				INFOPLIST_KEY_WKCompanionAppBundleIdentifier = nakandakari.toru.Landmarks;
				INFOPLIST_KEY_WKRunsIndependentlyOfCompanionApp = YES;
				LD_RUNPATH_SEARCH_PATHS = (
					"$(inherited)",
					"@executable_path/Frameworks",
				);
				MARKETING_VERSION = 1.0;
				PRODUCT_BUNDLE_IDENTIFIER = nakandakari.toru.Landmarks.watchkitapp;
				PRODUCT_NAME = "$(TARGET_NAME)";
				SDKROOT = watchos;
				SKIP_INSTALL = YES;
				SWIFT_EMIT_LOC_STRINGS = YES;
				SWIFT_VERSION = 5.0;
				TARGETED_DEVICE_FAMILY = 4;
				WATCHOS_DEPLOYMENT_TARGET = 9.4;
			};
			name = Release;
		};
/* End XCBuildConfiguration section */

/* Begin XCConfigurationList section */
		2FE305B129D328F70006803C /* Build configuration list for PBXProject "Landmarks" */ = {
			isa = XCConfigurationList;
			buildConfigurations = (
				2FE305C229D328FB0006803C /* Debug */,
				2FE305C329D328FB0006803C /* Release */,
			);
			defaultConfigurationIsVisible = 0;
			defaultConfigurationName = Release;
		};
		2FE305C429D328FB0006803C /* Build configuration list for PBXNativeTarget "Landmarks" */ = {
			isa = XCConfigurationList;
			buildConfigurations = (
				2FE305C529D328FB0006803C /* Debug */,
				2FE305C629D328FB0006803C /* Release */,
			);
			defaultConfigurationIsVisible = 0;
			defaultConfigurationName = Release;
		};
		767314FA2AB842690040212B /* Build configuration list for PBXNativeTarget "WatchLandmarks Watch App" */ = {
			isa = XCConfigurationList;
			buildConfigurations = (
				767314F82AB842690040212B /* Debug */,
				767314F92AB842690040212B /* Release */,
			);
			defaultConfigurationIsVisible = 0;
			defaultConfigurationName = Release;
		};
/* End XCConfigurationList section */
	};
	rootObject = 2FE305AE29D328F70006803C /* Project object */;
}
